// !$*UTF8*$!
{
	archiveVersion = 1;
	classes = {
	};
	objectVersion = 55;
	objects = {

/* Begin PBXBuildFile section */
		450C8BCA2742539C00549239 /* AppDelegate.swift in Sources */ = {isa = PBXBuildFile; fileRef = 450C8BC92742539C00549239 /* AppDelegate.swift */; };
		450C8BCC2742539C00549239 /* SceneDelegate.swift in Sources */ = {isa = PBXBuildFile; fileRef = 450C8BCB2742539C00549239 /* SceneDelegate.swift */; };
		450C8BD42742539C00549239 /* SteamList.xcdatamodeld in Sources */ = {isa = PBXBuildFile; fileRef = 450C8BD22742539C00549239 /* SteamList.xcdatamodeld */; };
		450C8BD62742539D00549239 /* Assets.xcassets in Resources */ = {isa = PBXBuildFile; fileRef = 450C8BD52742539D00549239 /* Assets.xcassets */; };
		450C8BD92742539D00549239 /* LaunchScreen.storyboard in Resources */ = {isa = PBXBuildFile; fileRef = 450C8BD72742539D00549239 /* LaunchScreen.storyboard */; };
		450C8BE42742539D00549239 /* SteamListTests.swift in Sources */ = {isa = PBXBuildFile; fileRef = 450C8BE32742539D00549239 /* SteamListTests.swift */; };
		450C8BEE2742539D00549239 /* SteamListUITests.swift in Sources */ = {isa = PBXBuildFile; fileRef = 450C8BED2742539D00549239 /* SteamListUITests.swift */; };
		450C8BF02742539D00549239 /* SteamListUITestsLaunchTests.swift in Sources */ = {isa = PBXBuildFile; fileRef = 450C8BEF2742539D00549239 /* SteamListUITestsLaunchTests.swift */; };
		453912D62757AEAC0086C52F /* CoreDataManager.swift in Sources */ = {isa = PBXBuildFile; fileRef = 453912D52757AEAC0086C52F /* CoreDataManager.swift */; };
		454F3739275A029400E4FB6B /* BackgroundView.swift in Sources */ = {isa = PBXBuildFile; fileRef = 454F3738275A029400E4FB6B /* BackgroundView.swift */; };
		45508C222757DFB600F80485 /* GameItems+CoreDataClass.swift in Sources */ = {isa = PBXBuildFile; fileRef = 45508C202757DFB600F80485 /* GameItems+CoreDataClass.swift */; };
		45508C232757DFB600F80485 /* GameItems+CoreDataProperties.swift in Sources */ = {isa = PBXBuildFile; fileRef = 45508C212757DFB600F80485 /* GameItems+CoreDataProperties.swift */; };
		4552D52B2746775000B16B0D /* NetworkManager.swift in Sources */ = {isa = PBXBuildFile; fileRef = 4552D52A2746775000B16B0D /* NetworkManager.swift */; };
		4552D52D2746787100B16B0D /* GamesManager.swift in Sources */ = {isa = PBXBuildFile; fileRef = 4552D52C2746787100B16B0D /* GamesManager.swift */; };
		4552D52F2746788400B16B0D /* GamesManagerProtocol.swift in Sources */ = {isa = PBXBuildFile; fileRef = 4552D52E2746788400B16B0D /* GamesManagerProtocol.swift */; };
		456A8EE027451D6200875379 /* GameListViewController.swift in Sources */ = {isa = PBXBuildFile; fileRef = 456A8EDF27451D6200875379 /* GameListViewController.swift */; };
		456A8EE22745427800875379 /* GameCell.swift in Sources */ = {isa = PBXBuildFile; fileRef = 456A8EE12745427800875379 /* GameCell.swift */; };
		45766A742744FB6500F59FDA /* Games.swift in Sources */ = {isa = PBXBuildFile; fileRef = 45766A732744FB6500F59FDA /* Games.swift */; };
		4578D8BB275919F9003E6BAE /* DataSaver.swift in Sources */ = {isa = PBXBuildFile; fileRef = 4578D8BA275919F9003E6BAE /* DataSaver.swift */; };
		45949A31275F4D750004881C /* StoreManagerProtocol.swift in Sources */ = {isa = PBXBuildFile; fileRef = 45949A30275F4D750004881C /* StoreManagerProtocol.swift */; };
		45949A35275F5EF20004881C /* DetailGameView.swift in Sources */ = {isa = PBXBuildFile; fileRef = 45949A34275F5EF20004881C /* DetailGameView.swift */; };
		45949A37275F6CB00004881C /* GameDetails.swift in Sources */ = {isa = PBXBuildFile; fileRef = 45949A36275F6CB00004881C /* GameDetails.swift */; };
		459F978C276B526A009081A3 /* CustomImageView.swift in Sources */ = {isa = PBXBuildFile; fileRef = 459F978B276B526A009081A3 /* CustomImageView.swift */; };
		45B7689E275615FC0001C34A /* GameListDB.xcdatamodeld in Sources */ = {isa = PBXBuildFile; fileRef = 45B7689C275615FC0001C34A /* GameListDB.xcdatamodeld */; };
		45BAE3722767E83900C9D832 /* News.swift in Sources */ = {isa = PBXBuildFile; fileRef = 45BAE3712767E83900C9D832 /* News.swift */; };
		45BAE3742767E88900C9D832 /* NewsView.swift in Sources */ = {isa = PBXBuildFile; fileRef = 45BAE3732767E88900C9D832 /* NewsView.swift */; };
		45BAE3762767E8E000C9D832 /* NewsCell.swift in Sources */ = {isa = PBXBuildFile; fileRef = 45BAE3752767E8E000C9D832 /* NewsCell.swift */; };
		45BAE3782767EE7C00C9D832 /* FavoriteButton.swift in Sources */ = {isa = PBXBuildFile; fileRef = 45BAE3772767EE7C00C9D832 /* FavoriteButton.swift */; };
		45CB688E276A127A00AC236B /* ScreenshotViewController.swift in Sources */ = {isa = PBXBuildFile; fileRef = 45CB688D276A127A00AC236B /* ScreenshotViewController.swift */; };
		45CB6890276A128C00AC236B /* ScreenshotView.swift in Sources */ = {isa = PBXBuildFile; fileRef = 45CB688F276A128C00AC236B /* ScreenshotView.swift */; };
		45D86662275A68C500888B3B /* UIColor+Extension.swift in Sources */ = {isa = PBXBuildFile; fileRef = 45D86661275A68C500888B3B /* UIColor+Extension.swift */; };
		45D94881274DEABE002724A9 /* NetworkManagerProtocol.swift in Sources */ = {isa = PBXBuildFile; fileRef = 45D94880274DEABE002724A9 /* NetworkManagerProtocol.swift */; };
		45D94884274E2355002724A9 /* GameListView.swift in Sources */ = {isa = PBXBuildFile; fileRef = 45D94883274E2355002724A9 /* GameListView.swift */; };
		45D94886274E2AAA002724A9 /* AppDelegate+RootView.swift in Sources */ = {isa = PBXBuildFile; fileRef = 45D94885274E2AAA002724A9 /* AppDelegate+RootView.swift */; };
		45D94896274E3BB0002724A9 /* DetailNewsViewController.swift in Sources */ = {isa = PBXBuildFile; fileRef = 45D94892274E3BB0002724A9 /* DetailNewsViewController.swift */; };
		45D94897274E3BB0002724A9 /* FavoritesViewController.swift in Sources */ = {isa = PBXBuildFile; fileRef = 45D94893274E3BB0002724A9 /* FavoritesViewController.swift */; };
		45D94898274E3BB0002724A9 /* NewsViewController.swift in Sources */ = {isa = PBXBuildFile; fileRef = 45D94894274E3BB0002724A9 /* NewsViewController.swift */; };
		45D9489C274E3BFE002724A9 /* DetailGameViewController.swift in Sources */ = {isa = PBXBuildFile; fileRef = 45D9489B274E3BFE002724A9 /* DetailGameViewController.swift */; };
		45D9489F274E9AD6002724A9 /* SnapKit in Frameworks */ = {isa = PBXBuildFile; productRef = 45D9489E274E9AD6002724A9 /* SnapKit */; };
		45F73A7C274BBC7D0026932F /* SteamEndPoints.swift in Sources */ = {isa = PBXBuildFile; fileRef = 45F73A7B274BBC7D0026932F /* SteamEndPoints.swift */; };
/* End PBXBuildFile section */

/* Begin PBXContainerItemProxy section */
		450C8BE02742539D00549239 /* PBXContainerItemProxy */ = {
			isa = PBXContainerItemProxy;
			containerPortal = 450C8BBE2742539C00549239 /* Project object */;
			proxyType = 1;
			remoteGlobalIDString = 450C8BC52742539C00549239;
			remoteInfo = SteamList;
		};
		450C8BEA2742539D00549239 /* PBXContainerItemProxy */ = {
			isa = PBXContainerItemProxy;
			containerPortal = 450C8BBE2742539C00549239 /* Project object */;
			proxyType = 1;
			remoteGlobalIDString = 450C8BC52742539C00549239;
			remoteInfo = SteamList;
		};
/* End PBXContainerItemProxy section */

/* Begin PBXFileReference section */
		450C8BC62742539C00549239 /* SteamList.app */ = {isa = PBXFileReference; explicitFileType = wrapper.application; includeInIndex = 0; path = SteamList.app; sourceTree = BUILT_PRODUCTS_DIR; };
		450C8BC92742539C00549239 /* AppDelegate.swift */ = {isa = PBXFileReference; lastKnownFileType = sourcecode.swift; path = AppDelegate.swift; sourceTree = "<group>"; };
		450C8BCB2742539C00549239 /* SceneDelegate.swift */ = {isa = PBXFileReference; lastKnownFileType = sourcecode.swift; path = SceneDelegate.swift; sourceTree = "<group>"; };
		450C8BD32742539C00549239 /* SteamList.xcdatamodel */ = {isa = PBXFileReference; lastKnownFileType = wrapper.xcdatamodel; path = SteamList.xcdatamodel; sourceTree = "<group>"; };
		450C8BD52742539D00549239 /* Assets.xcassets */ = {isa = PBXFileReference; lastKnownFileType = folder.assetcatalog; path = Assets.xcassets; sourceTree = "<group>"; };
		450C8BD82742539D00549239 /* Base */ = {isa = PBXFileReference; lastKnownFileType = file.storyboard; name = Base; path = Base.lproj/LaunchScreen.storyboard; sourceTree = "<group>"; };
		450C8BDA2742539D00549239 /* Info.plist */ = {isa = PBXFileReference; lastKnownFileType = text.plist.xml; path = Info.plist; sourceTree = "<group>"; };
		450C8BDF2742539D00549239 /* SteamListTests.xctest */ = {isa = PBXFileReference; explicitFileType = wrapper.cfbundle; includeInIndex = 0; path = SteamListTests.xctest; sourceTree = BUILT_PRODUCTS_DIR; };
		450C8BE32742539D00549239 /* SteamListTests.swift */ = {isa = PBXFileReference; lastKnownFileType = sourcecode.swift; path = SteamListTests.swift; sourceTree = "<group>"; };
		450C8BE92742539D00549239 /* SteamListUITests.xctest */ = {isa = PBXFileReference; explicitFileType = wrapper.cfbundle; includeInIndex = 0; path = SteamListUITests.xctest; sourceTree = BUILT_PRODUCTS_DIR; };
		450C8BED2742539D00549239 /* SteamListUITests.swift */ = {isa = PBXFileReference; lastKnownFileType = sourcecode.swift; path = SteamListUITests.swift; sourceTree = "<group>"; };
		450C8BEF2742539D00549239 /* SteamListUITestsLaunchTests.swift */ = {isa = PBXFileReference; lastKnownFileType = sourcecode.swift; path = SteamListUITestsLaunchTests.swift; sourceTree = "<group>"; };
		453912D52757AEAC0086C52F /* CoreDataManager.swift */ = {isa = PBXFileReference; lastKnownFileType = sourcecode.swift; path = CoreDataManager.swift; sourceTree = "<group>"; };
		454F3738275A029400E4FB6B /* BackgroundView.swift */ = {isa = PBXFileReference; lastKnownFileType = sourcecode.swift; path = BackgroundView.swift; sourceTree = "<group>"; };
		45508C202757DFB600F80485 /* GameItems+CoreDataClass.swift */ = {isa = PBXFileReference; lastKnownFileType = sourcecode.swift; path = "GameItems+CoreDataClass.swift"; sourceTree = "<group>"; };
		45508C212757DFB600F80485 /* GameItems+CoreDataProperties.swift */ = {isa = PBXFileReference; lastKnownFileType = sourcecode.swift; path = "GameItems+CoreDataProperties.swift"; sourceTree = "<group>"; };
		4552D52A2746775000B16B0D /* NetworkManager.swift */ = {isa = PBXFileReference; lastKnownFileType = sourcecode.swift; path = NetworkManager.swift; sourceTree = "<group>"; };
		4552D52C2746787100B16B0D /* GamesManager.swift */ = {isa = PBXFileReference; lastKnownFileType = sourcecode.swift; path = GamesManager.swift; sourceTree = "<group>"; };
		4552D52E2746788400B16B0D /* GamesManagerProtocol.swift */ = {isa = PBXFileReference; lastKnownFileType = sourcecode.swift; path = GamesManagerProtocol.swift; sourceTree = "<group>"; };
		456A8EDF27451D6200875379 /* GameListViewController.swift */ = {isa = PBXFileReference; lastKnownFileType = sourcecode.swift; path = GameListViewController.swift; sourceTree = "<group>"; };
		456A8EE12745427800875379 /* GameCell.swift */ = {isa = PBXFileReference; lastKnownFileType = sourcecode.swift; path = GameCell.swift; sourceTree = "<group>"; };
		45766A732744FB6500F59FDA /* Games.swift */ = {isa = PBXFileReference; lastKnownFileType = sourcecode.swift; path = Games.swift; sourceTree = "<group>"; };
		4578D8BA275919F9003E6BAE /* DataSaver.swift */ = {isa = PBXFileReference; lastKnownFileType = sourcecode.swift; path = DataSaver.swift; sourceTree = "<group>"; };
		45949A30275F4D750004881C /* StoreManagerProtocol.swift */ = {isa = PBXFileReference; lastKnownFileType = sourcecode.swift; path = StoreManagerProtocol.swift; sourceTree = "<group>"; };
		45949A34275F5EF20004881C /* DetailGameView.swift */ = {isa = PBXFileReference; lastKnownFileType = sourcecode.swift; path = DetailGameView.swift; sourceTree = "<group>"; };
		45949A36275F6CB00004881C /* GameDetails.swift */ = {isa = PBXFileReference; lastKnownFileType = sourcecode.swift; path = GameDetails.swift; sourceTree = "<group>"; };
		459F978B276B526A009081A3 /* CustomImageView.swift */ = {isa = PBXFileReference; lastKnownFileType = sourcecode.swift; path = CustomImageView.swift; sourceTree = "<group>"; };
		45B7689D275615FC0001C34A /* GameListDB.xcdatamodel */ = {isa = PBXFileReference; lastKnownFileType = wrapper.xcdatamodel; path = GameListDB.xcdatamodel; sourceTree = "<group>"; };
		45BAE3712767E83900C9D832 /* News.swift */ = {isa = PBXFileReference; lastKnownFileType = sourcecode.swift; path = News.swift; sourceTree = "<group>"; };
		45BAE3732767E88900C9D832 /* NewsView.swift */ = {isa = PBXFileReference; lastKnownFileType = sourcecode.swift; path = NewsView.swift; sourceTree = "<group>"; };
		45BAE3752767E8E000C9D832 /* NewsCell.swift */ = {isa = PBXFileReference; lastKnownFileType = sourcecode.swift; path = NewsCell.swift; sourceTree = "<group>"; };
		45BAE3772767EE7C00C9D832 /* FavoriteButton.swift */ = {isa = PBXFileReference; lastKnownFileType = sourcecode.swift; path = FavoriteButton.swift; sourceTree = "<group>"; };
		45CB688D276A127A00AC236B /* ScreenshotViewController.swift */ = {isa = PBXFileReference; lastKnownFileType = sourcecode.swift; path = ScreenshotViewController.swift; sourceTree = "<group>"; };
		45CB688F276A128C00AC236B /* ScreenshotView.swift */ = {isa = PBXFileReference; lastKnownFileType = sourcecode.swift; path = ScreenshotView.swift; sourceTree = "<group>"; };
		45D86661275A68C500888B3B /* UIColor+Extension.swift */ = {isa = PBXFileReference; lastKnownFileType = sourcecode.swift; path = "UIColor+Extension.swift"; sourceTree = "<group>"; };
		45D94880274DEABE002724A9 /* NetworkManagerProtocol.swift */ = {isa = PBXFileReference; lastKnownFileType = sourcecode.swift; path = NetworkManagerProtocol.swift; sourceTree = "<group>"; };
		45D94883274E2355002724A9 /* GameListView.swift */ = {isa = PBXFileReference; lastKnownFileType = sourcecode.swift; path = GameListView.swift; sourceTree = "<group>"; };
		45D94885274E2AAA002724A9 /* AppDelegate+RootView.swift */ = {isa = PBXFileReference; lastKnownFileType = sourcecode.swift; path = "AppDelegate+RootView.swift"; sourceTree = "<group>"; };
		45D94892274E3BB0002724A9 /* DetailNewsViewController.swift */ = {isa = PBXFileReference; fileEncoding = 4; lastKnownFileType = sourcecode.swift; path = DetailNewsViewController.swift; sourceTree = "<group>"; };
		45D94893274E3BB0002724A9 /* FavoritesViewController.swift */ = {isa = PBXFileReference; fileEncoding = 4; lastKnownFileType = sourcecode.swift; path = FavoritesViewController.swift; sourceTree = "<group>"; };
		45D94894274E3BB0002724A9 /* NewsViewController.swift */ = {isa = PBXFileReference; fileEncoding = 4; lastKnownFileType = sourcecode.swift; path = NewsViewController.swift; sourceTree = "<group>"; };
		45D9489B274E3BFE002724A9 /* DetailGameViewController.swift */ = {isa = PBXFileReference; lastKnownFileType = sourcecode.swift; path = DetailGameViewController.swift; sourceTree = "<group>"; };
		45F73A7B274BBC7D0026932F /* SteamEndPoints.swift */ = {isa = PBXFileReference; lastKnownFileType = sourcecode.swift; path = SteamEndPoints.swift; sourceTree = "<group>"; };
/* End PBXFileReference section */

/* Begin PBXFrameworksBuildPhase section */
		450C8BC32742539C00549239 /* Frameworks */ = {
			isa = PBXFrameworksBuildPhase;
			buildActionMask = 2147483647;
			files = (
				45D9489F274E9AD6002724A9 /* SnapKit in Frameworks */,
			);
			runOnlyForDeploymentPostprocessing = 0;
		};
		450C8BDC2742539D00549239 /* Frameworks */ = {
			isa = PBXFrameworksBuildPhase;
			buildActionMask = 2147483647;
			files = (
			);
			runOnlyForDeploymentPostprocessing = 0;
		};
		450C8BE62742539D00549239 /* Frameworks */ = {
			isa = PBXFrameworksBuildPhase;
			buildActionMask = 2147483647;
			files = (
			);
			runOnlyForDeploymentPostprocessing = 0;
		};
/* End PBXFrameworksBuildPhase section */

/* Begin PBXGroup section */
		450C8BBD2742539C00549239 = {
			isa = PBXGroup;
			children = (
				450C8BC82742539C00549239 /* SteamList */,
				450C8BE22742539D00549239 /* SteamListTests */,
				450C8BEC2742539D00549239 /* SteamListUITests */,
				450C8BC72742539C00549239 /* Products */,
			);
			sourceTree = "<group>";
		};
		450C8BC72742539C00549239 /* Products */ = {
			isa = PBXGroup;
			children = (
				450C8BC62742539C00549239 /* SteamList.app */,
				450C8BDF2742539D00549239 /* SteamListTests.xctest */,
				450C8BE92742539D00549239 /* SteamListUITests.xctest */,
			);
			name = Products;
			sourceTree = "<group>";
		};
		450C8BC82742539C00549239 /* SteamList */ = {
			isa = PBXGroup;
			children = (
				45D86660275A68B100888B3B /* Extensions */,
				453912D027579D850086C52F /* CoreData */,
				45B7689B275412DF0001C34A /* NewsDetails */,
				45B7689A275412C00001C34A /* NewsList */,
				45B76899275412930001C34A /* FavoritesList */,
				450C8BDA2742539D00549239 /* Info.plist */,
				45D9489A274E3BE4002724A9 /* GameDetails */,
				45D94887274E2BA0002724A9 /* Resources */,
				4552D5292746772F00B16B0D /* Network Service */,
				45766A722744FADF00F59FDA /* Supproting Files */,
				45D9487E274DE9A1002724A9 /* GameList */,
				45766A6F2744FAAE00F59FDA /* Model */,
			);
			path = SteamList;
			sourceTree = "<group>";
		};
		450C8BE22742539D00549239 /* SteamListTests */ = {
			isa = PBXGroup;
			children = (
				450C8BE32742539D00549239 /* SteamListTests.swift */,
			);
			path = SteamListTests;
			sourceTree = "<group>";
		};
		450C8BEC2742539D00549239 /* SteamListUITests */ = {
			isa = PBXGroup;
			children = (
				450C8BED2742539D00549239 /* SteamListUITests.swift */,
				450C8BEF2742539D00549239 /* SteamListUITestsLaunchTests.swift */,
			);
			path = SteamListUITests;
			sourceTree = "<group>";
		};
		453912D027579D850086C52F /* CoreData */ = {
			isa = PBXGroup;
			children = (
				453912D52757AEAC0086C52F /* CoreDataManager.swift */,
				45508C202757DFB600F80485 /* GameItems+CoreDataClass.swift */,
				45508C212757DFB600F80485 /* GameItems+CoreDataProperties.swift */,
				4578D8BA275919F9003E6BAE /* DataSaver.swift */,
				45949A30275F4D750004881C /* StoreManagerProtocol.swift */,
			);
			path = CoreData;
			sourceTree = "<group>";
		};
		4552D5292746772F00B16B0D /* Network Service */ = {
			isa = PBXGroup;
			children = (
				4552D52A2746775000B16B0D /* NetworkManager.swift */,
				45F73A7B274BBC7D0026932F /* SteamEndPoints.swift */,
				45D94880274DEABE002724A9 /* NetworkManagerProtocol.swift */,
			);
			path = "Network Service";
			sourceTree = "<group>";
		};
		45766A6F2744FAAE00F59FDA /* Model */ = {
			isa = PBXGroup;
			children = (
				45766A732744FB6500F59FDA /* Games.swift */,
				45949A36275F6CB00004881C /* GameDetails.swift */,
				45BAE3712767E83900C9D832 /* News.swift */,
				4552D52C2746787100B16B0D /* GamesManager.swift */,
				4552D52E2746788400B16B0D /* GamesManagerProtocol.swift */,
				450C8BD22742539C00549239 /* SteamList.xcdatamodeld */,
				45BAE3772767EE7C00C9D832 /* FavoriteButton.swift */,
			);
			path = Model;
			sourceTree = "<group>";
		};
		45766A722744FADF00F59FDA /* Supproting Files */ = {
			isa = PBXGroup;
			children = (
				450C8BC92742539C00549239 /* AppDelegate.swift */,
				450C8BCB2742539C00549239 /* SceneDelegate.swift */,
				45D94885274E2AAA002724A9 /* AppDelegate+RootView.swift */,
				454F3738275A029400E4FB6B /* BackgroundView.swift */,
			);
			path = "Supproting Files";
			sourceTree = "<group>";
		};
		45B76899275412930001C34A /* FavoritesList */ = {
			isa = PBXGroup;
			children = (
				45D94893274E3BB0002724A9 /* FavoritesViewController.swift */,
			);
			path = FavoritesList;
			sourceTree = "<group>";
		};
		45B7689A275412C00001C34A /* NewsList */ = {
			isa = PBXGroup;
			children = (
				45D94894274E3BB0002724A9 /* NewsViewController.swift */,
				45BAE3732767E88900C9D832 /* NewsView.swift */,
				45BAE3752767E8E000C9D832 /* NewsCell.swift */,
			);
			path = NewsList;
			sourceTree = "<group>";
		};
		45B7689B275412DF0001C34A /* NewsDetails */ = {
			isa = PBXGroup;
			children = (
				45D94892274E3BB0002724A9 /* DetailNewsViewController.swift */,
			);
			path = NewsDetails;
			sourceTree = "<group>";
		};
		45D86660275A68B100888B3B /* Extensions */ = {
			isa = PBXGroup;
			children = (
				45D86661275A68C500888B3B /* UIColor+Extension.swift */,
			);
			path = Extensions;
			sourceTree = "<group>";
		};
		45D9487E274DE9A1002724A9 /* GameList */ = {
			isa = PBXGroup;
			children = (
				456A8EE12745427800875379 /* GameCell.swift */,
				456A8EDF27451D6200875379 /* GameListViewController.swift */,
				45D94883274E2355002724A9 /* GameListView.swift */,
			);
			path = GameList;
			sourceTree = "<group>";
		};
		45D94887274E2BA0002724A9 /* Resources */ = {
			isa = PBXGroup;
			children = (
				450C8BD72742539D00549239 /* LaunchScreen.storyboard */,
				450C8BD52742539D00549239 /* Assets.xcassets */,
				45B7689C275615FC0001C34A /* GameListDB.xcdatamodeld */,
			);
			path = Resources;
			sourceTree = "<group>";
		};
		45D9489A274E3BE4002724A9 /* GameDetails */ = {
			isa = PBXGroup;
			children = (
				45D9489B274E3BFE002724A9 /* DetailGameViewController.swift */,
				45949A34275F5EF20004881C /* DetailGameView.swift */,
				45CB688D276A127A00AC236B /* ScreenshotViewController.swift */,
				45CB688F276A128C00AC236B /* ScreenshotView.swift */,
				459F978B276B526A009081A3 /* CustomImageView.swift */,
			);
			path = GameDetails;
			sourceTree = "<group>";
		};
/* End PBXGroup section */

/* Begin PBXNativeTarget section */
		450C8BC52742539C00549239 /* SteamList */ = {
			isa = PBXNativeTarget;
			buildConfigurationList = 450C8BF32742539D00549239 /* Build configuration list for PBXNativeTarget "SteamList" */;
			buildPhases = (
				450C8BC22742539C00549239 /* Sources */,
				450C8BC32742539C00549239 /* Frameworks */,
				450C8BC42742539C00549239 /* Resources */,
				458E9DBE274CDBC00092C451 /* ShellScript */,
			);
			buildRules = (
			);
			dependencies = (
			);
			name = SteamList;
			packageProductDependencies = (
				45D9489E274E9AD6002724A9 /* SnapKit */,
			);
			productName = SteamList;
			productReference = 450C8BC62742539C00549239 /* SteamList.app */;
			productType = "com.apple.product-type.application";
		};
		450C8BDE2742539D00549239 /* SteamListTests */ = {
			isa = PBXNativeTarget;
			buildConfigurationList = 450C8BF62742539D00549239 /* Build configuration list for PBXNativeTarget "SteamListTests" */;
			buildPhases = (
				450C8BDB2742539D00549239 /* Sources */,
				450C8BDC2742539D00549239 /* Frameworks */,
				450C8BDD2742539D00549239 /* Resources */,
			);
			buildRules = (
			);
			dependencies = (
				450C8BE12742539D00549239 /* PBXTargetDependency */,
			);
			name = SteamListTests;
			productName = SteamListTests;
			productReference = 450C8BDF2742539D00549239 /* SteamListTests.xctest */;
			productType = "com.apple.product-type.bundle.unit-test";
		};
		450C8BE82742539D00549239 /* SteamListUITests */ = {
			isa = PBXNativeTarget;
			buildConfigurationList = 450C8BF92742539D00549239 /* Build configuration list for PBXNativeTarget "SteamListUITests" */;
			buildPhases = (
				450C8BE52742539D00549239 /* Sources */,
				450C8BE62742539D00549239 /* Frameworks */,
				450C8BE72742539D00549239 /* Resources */,
			);
			buildRules = (
			);
			dependencies = (
				450C8BEB2742539D00549239 /* PBXTargetDependency */,
			);
			name = SteamListUITests;
			productName = SteamListUITests;
			productReference = 450C8BE92742539D00549239 /* SteamListUITests.xctest */;
			productType = "com.apple.product-type.bundle.ui-testing";
		};
/* End PBXNativeTarget section */

/* Begin PBXProject section */
		450C8BBE2742539C00549239 /* Project object */ = {
			isa = PBXProject;
			attributes = {
				BuildIndependentTargetsInParallel = 1;
				LastSwiftUpdateCheck = 1310;
				LastUpgradeCheck = 1310;
				TargetAttributes = {
					450C8BC52742539C00549239 = {
						CreatedOnToolsVersion = 13.1;
					};
					450C8BDE2742539D00549239 = {
						CreatedOnToolsVersion = 13.1;
						TestTargetID = 450C8BC52742539C00549239;
					};
					450C8BE82742539D00549239 = {
						CreatedOnToolsVersion = 13.1;
						TestTargetID = 450C8BC52742539C00549239;
					};
				};
			};
			buildConfigurationList = 450C8BC12742539C00549239 /* Build configuration list for PBXProject "SteamList" */;
			compatibilityVersion = "Xcode 13.0";
			developmentRegion = en;
			hasScannedForEncodings = 0;
			knownRegions = (
				en,
				Base,
			);
			mainGroup = 450C8BBD2742539C00549239;
			packageReferences = (
				45D9489D274E9AD6002724A9 /* XCRemoteSwiftPackageReference "SnapKit" */,
			);
			productRefGroup = 450C8BC72742539C00549239 /* Products */;
			projectDirPath = "";
			projectRoot = "";
			targets = (
				450C8BC52742539C00549239 /* SteamList */,
				450C8BDE2742539D00549239 /* SteamListTests */,
				450C8BE82742539D00549239 /* SteamListUITests */,
			);
		};
/* End PBXProject section */

/* Begin PBXResourcesBuildPhase section */
		450C8BC42742539C00549239 /* Resources */ = {
			isa = PBXResourcesBuildPhase;
			buildActionMask = 2147483647;
			files = (
				450C8BD92742539D00549239 /* LaunchScreen.storyboard in Resources */,
				450C8BD62742539D00549239 /* Assets.xcassets in Resources */,
			);
			runOnlyForDeploymentPostprocessing = 0;
		};
		450C8BDD2742539D00549239 /* Resources */ = {
			isa = PBXResourcesBuildPhase;
			buildActionMask = 2147483647;
			files = (
			);
			runOnlyForDeploymentPostprocessing = 0;
		};
		450C8BE72742539D00549239 /* Resources */ = {
			isa = PBXResourcesBuildPhase;
			buildActionMask = 2147483647;
			files = (
			);
			runOnlyForDeploymentPostprocessing = 0;
		};
/* End PBXResourcesBuildPhase section */

/* Begin PBXShellScriptBuildPhase section */
		458E9DBE274CDBC00092C451 /* ShellScript */ = {
			isa = PBXShellScriptBuildPhase;
			buildActionMask = 2147483647;
			files = (
			);
			inputFileListPaths = (
			);
			inputPaths = (
			);
			outputFileListPaths = (
			);
			outputPaths = (
			);
			runOnlyForDeploymentPostprocessing = 0;
			shellPath = /bin/sh;
			shellScript = "if which swiftlint >/dev/null; then\n  swiftlint\nelse\n  echo \"error: SwiftLint does not exist, download it from https://github.com/realm/SwiftLint\"\n  exit 1\nfi\n";
		};
/* End PBXShellScriptBuildPhase section */

/* Begin PBXSourcesBuildPhase section */
		450C8BC22742539C00549239 /* Sources */ = {
			isa = PBXSourcesBuildPhase;
			buildActionMask = 2147483647;
			files = (
				45508C222757DFB600F80485 /* GameItems+CoreDataClass.swift in Sources */,
				456A8EE027451D6200875379 /* GameListViewController.swift in Sources */,
				45949A37275F6CB00004881C /* GameDetails.swift in Sources */,
				45D94896274E3BB0002724A9 /* DetailNewsViewController.swift in Sources */,
				45BAE3762767E8E000C9D832 /* NewsCell.swift in Sources */,
				45D94886274E2AAA002724A9 /* AppDelegate+RootView.swift in Sources */,
				45CB6890276A128C00AC236B /* ScreenshotView.swift in Sources */,
				45949A31275F4D750004881C /* StoreManagerProtocol.swift in Sources */,
				45B7689E275615FC0001C34A /* GameListDB.xcdatamodeld in Sources */,
				4552D52D2746787100B16B0D /* GamesManager.swift in Sources */,
				45D9489C274E3BFE002724A9 /* DetailGameViewController.swift in Sources */,
				450C8BD42742539C00549239 /* SteamList.xcdatamodeld in Sources */,
				45D86662275A68C500888B3B /* UIColor+Extension.swift in Sources */,
				453912D62757AEAC0086C52F /* CoreDataManager.swift in Sources */,
				4552D52F2746788400B16B0D /* GamesManagerProtocol.swift in Sources */,
				459F978C276B526A009081A3 /* CustomImageView.swift in Sources */,
				456A8EE22745427800875379 /* GameCell.swift in Sources */,
				4552D52B2746775000B16B0D /* NetworkManager.swift in Sources */,
				450C8BCA2742539C00549239 /* AppDelegate.swift in Sources */,
				45F73A7C274BBC7D0026932F /* SteamEndPoints.swift in Sources */,
				45D94884274E2355002724A9 /* GameListView.swift in Sources */,
				45BAE3722767E83900C9D832 /* News.swift in Sources */,
				45949A35275F5EF20004881C /* DetailGameView.swift in Sources */,
				45BAE3742767E88900C9D832 /* NewsView.swift in Sources */,
				45CB688E276A127A00AC236B /* ScreenshotViewController.swift in Sources */,
				45766A742744FB6500F59FDA /* Games.swift in Sources */,
				450C8BCC2742539C00549239 /* SceneDelegate.swift in Sources */,
				454F3739275A029400E4FB6B /* BackgroundView.swift in Sources */,
				45508C232757DFB600F80485 /* GameItems+CoreDataProperties.swift in Sources */,
				45D94898274E3BB0002724A9 /* NewsViewController.swift in Sources */,
				45D94897274E3BB0002724A9 /* FavoritesViewController.swift in Sources */,
				45BAE3782767EE7C00C9D832 /* FavoriteButton.swift in Sources */,
				4578D8BB275919F9003E6BAE /* DataSaver.swift in Sources */,
				45D94881274DEABE002724A9 /* NetworkManagerProtocol.swift in Sources */,
			);
			runOnlyForDeploymentPostprocessing = 0;
		};
		450C8BDB2742539D00549239 /* Sources */ = {
			isa = PBXSourcesBuildPhase;
			buildActionMask = 2147483647;
			files = (
				450C8BE42742539D00549239 /* SteamListTests.swift in Sources */,
			);
			runOnlyForDeploymentPostprocessing = 0;
		};
		450C8BE52742539D00549239 /* Sources */ = {
			isa = PBXSourcesBuildPhase;
			buildActionMask = 2147483647;
			files = (
				450C8BEE2742539D00549239 /* SteamListUITests.swift in Sources */,
				450C8BF02742539D00549239 /* SteamListUITestsLaunchTests.swift in Sources */,
			);
			runOnlyForDeploymentPostprocessing = 0;
		};
/* End PBXSourcesBuildPhase section */

/* Begin PBXTargetDependency section */
		450C8BE12742539D00549239 /* PBXTargetDependency */ = {
			isa = PBXTargetDependency;
			target = 450C8BC52742539C00549239 /* SteamList */;
			targetProxy = 450C8BE02742539D00549239 /* PBXContainerItemProxy */;
		};
		450C8BEB2742539D00549239 /* PBXTargetDependency */ = {
			isa = PBXTargetDependency;
			target = 450C8BC52742539C00549239 /* SteamList */;
			targetProxy = 450C8BEA2742539D00549239 /* PBXContainerItemProxy */;
		};
/* End PBXTargetDependency section */

/* Begin PBXVariantGroup section */
		450C8BD72742539D00549239 /* LaunchScreen.storyboard */ = {
			isa = PBXVariantGroup;
			children = (
				450C8BD82742539D00549239 /* Base */,
			);
			name = LaunchScreen.storyboard;
			sourceTree = "<group>";
		};
/* End PBXVariantGroup section */

/* Begin XCBuildConfiguration section */
		450C8BF12742539D00549239 /* Debug */ = {
			isa = XCBuildConfiguration;
			buildSettings = {
				ALWAYS_SEARCH_USER_PATHS = NO;
				CLANG_ANALYZER_NONNULL = YES;
				CLANG_ANALYZER_NUMBER_OBJECT_CONVERSION = YES_AGGRESSIVE;
				CLANG_CXX_LANGUAGE_STANDARD = "gnu++17";
				CLANG_CXX_LIBRARY = "libc++";
				CLANG_ENABLE_MODULES = YES;
				CLANG_ENABLE_OBJC_ARC = YES;
				CLANG_ENABLE_OBJC_WEAK = YES;
				CLANG_WARN_BLOCK_CAPTURE_AUTORELEASING = YES;
				CLANG_WARN_BOOL_CONVERSION = YES;
				CLANG_WARN_COMMA = YES;
				CLANG_WARN_CONSTANT_CONVERSION = YES;
				CLANG_WARN_DEPRECATED_OBJC_IMPLEMENTATIONS = YES;
				CLANG_WARN_DIRECT_OBJC_ISA_USAGE = YES_ERROR;
				CLANG_WARN_DOCUMENTATION_COMMENTS = YES;
				CLANG_WARN_EMPTY_BODY = YES;
				CLANG_WARN_ENUM_CONVERSION = YES;
				CLANG_WARN_INFINITE_RECURSION = YES;
				CLANG_WARN_INT_CONVERSION = YES;
				CLANG_WARN_NON_LITERAL_NULL_CONVERSION = YES;
				CLANG_WARN_OBJC_IMPLICIT_RETAIN_SELF = YES;
				CLANG_WARN_OBJC_LITERAL_CONVERSION = YES;
				CLANG_WARN_OBJC_ROOT_CLASS = YES_ERROR;
				CLANG_WARN_QUOTED_INCLUDE_IN_FRAMEWORK_HEADER = YES;
				CLANG_WARN_RANGE_LOOP_ANALYSIS = YES;
				CLANG_WARN_STRICT_PROTOTYPES = YES;
				CLANG_WARN_SUSPICIOUS_MOVE = YES;
				CLANG_WARN_UNGUARDED_AVAILABILITY = YES_AGGRESSIVE;
				CLANG_WARN_UNREACHABLE_CODE = YES;
				CLANG_WARN__DUPLICATE_METHOD_MATCH = YES;
				COPY_PHASE_STRIP = NO;
				DEBUG_INFORMATION_FORMAT = dwarf;
				ENABLE_STRICT_OBJC_MSGSEND = YES;
				ENABLE_TESTABILITY = YES;
				GCC_C_LANGUAGE_STANDARD = gnu11;
				GCC_DYNAMIC_NO_PIC = NO;
				GCC_NO_COMMON_BLOCKS = YES;
				GCC_OPTIMIZATION_LEVEL = 0;
				GCC_PREPROCESSOR_DEFINITIONS = (
					"DEBUG=1",
					"$(inherited)",
				);
				GCC_WARN_64_TO_32_BIT_CONVERSION = YES;
				GCC_WARN_ABOUT_RETURN_TYPE = YES_ERROR;
				GCC_WARN_UNDECLARED_SELECTOR = YES;
				GCC_WARN_UNINITIALIZED_AUTOS = YES_AGGRESSIVE;
				GCC_WARN_UNUSED_FUNCTION = YES;
				GCC_WARN_UNUSED_VARIABLE = YES;
				IPHONEOS_DEPLOYMENT_TARGET = 15.0;
				MTL_ENABLE_DEBUG_INFO = INCLUDE_SOURCE;
				MTL_FAST_MATH = YES;
				ONLY_ACTIVE_ARCH = YES;
				SDKROOT = iphoneos;
				SWIFT_ACTIVE_COMPILATION_CONDITIONS = DEBUG;
				SWIFT_OPTIMIZATION_LEVEL = "-Onone";
			};
			name = Debug;
		};
		450C8BF22742539D00549239 /* Release */ = {
			isa = XCBuildConfiguration;
			buildSettings = {
				ALWAYS_SEARCH_USER_PATHS = NO;
				CLANG_ANALYZER_NONNULL = YES;
				CLANG_ANALYZER_NUMBER_OBJECT_CONVERSION = YES_AGGRESSIVE;
				CLANG_CXX_LANGUAGE_STANDARD = "gnu++17";
				CLANG_CXX_LIBRARY = "libc++";
				CLANG_ENABLE_MODULES = YES;
				CLANG_ENABLE_OBJC_ARC = YES;
				CLANG_ENABLE_OBJC_WEAK = YES;
				CLANG_WARN_BLOCK_CAPTURE_AUTORELEASING = YES;
				CLANG_WARN_BOOL_CONVERSION = YES;
				CLANG_WARN_COMMA = YES;
				CLANG_WARN_CONSTANT_CONVERSION = YES;
				CLANG_WARN_DEPRECATED_OBJC_IMPLEMENTATIONS = YES;
				CLANG_WARN_DIRECT_OBJC_ISA_USAGE = YES_ERROR;
				CLANG_WARN_DOCUMENTATION_COMMENTS = YES;
				CLANG_WARN_EMPTY_BODY = YES;
				CLANG_WARN_ENUM_CONVERSION = YES;
				CLANG_WARN_INFINITE_RECURSION = YES;
				CLANG_WARN_INT_CONVERSION = YES;
				CLANG_WARN_NON_LITERAL_NULL_CONVERSION = YES;
				CLANG_WARN_OBJC_IMPLICIT_RETAIN_SELF = YES;
				CLANG_WARN_OBJC_LITERAL_CONVERSION = YES;
				CLANG_WARN_OBJC_ROOT_CLASS = YES_ERROR;
				CLANG_WARN_QUOTED_INCLUDE_IN_FRAMEWORK_HEADER = YES;
				CLANG_WARN_RANGE_LOOP_ANALYSIS = YES;
				CLANG_WARN_STRICT_PROTOTYPES = YES;
				CLANG_WARN_SUSPICIOUS_MOVE = YES;
				CLANG_WARN_UNGUARDED_AVAILABILITY = YES_AGGRESSIVE;
				CLANG_WARN_UNREACHABLE_CODE = YES;
				CLANG_WARN__DUPLICATE_METHOD_MATCH = YES;
				COPY_PHASE_STRIP = NO;
				DEBUG_INFORMATION_FORMAT = "dwarf-with-dsym";
				ENABLE_NS_ASSERTIONS = NO;
				ENABLE_STRICT_OBJC_MSGSEND = YES;
				GCC_C_LANGUAGE_STANDARD = gnu11;
				GCC_NO_COMMON_BLOCKS = YES;
				GCC_WARN_64_TO_32_BIT_CONVERSION = YES;
				GCC_WARN_ABOUT_RETURN_TYPE = YES_ERROR;
				GCC_WARN_UNDECLARED_SELECTOR = YES;
				GCC_WARN_UNINITIALIZED_AUTOS = YES_AGGRESSIVE;
				GCC_WARN_UNUSED_FUNCTION = YES;
				GCC_WARN_UNUSED_VARIABLE = YES;
				IPHONEOS_DEPLOYMENT_TARGET = 15.0;
				MTL_ENABLE_DEBUG_INFO = NO;
				MTL_FAST_MATH = YES;
				SDKROOT = iphoneos;
				SWIFT_COMPILATION_MODE = wholemodule;
				SWIFT_OPTIMIZATION_LEVEL = "-O";
				VALIDATE_PRODUCT = YES;
			};
			name = Release;
		};
		450C8BF42742539D00549239 /* Debug */ = {
			isa = XCBuildConfiguration;
			buildSettings = {
				ASSETCATALOG_COMPILER_APPICON_NAME = AppIcon;
				ASSETCATALOG_COMPILER_GLOBAL_ACCENT_COLOR_NAME = AccentColor;
				CODE_SIGN_STYLE = Automatic;
				CURRENT_PROJECT_VERSION = 1;
				DEVELOPMENT_TEAM = JKPC7V57YU;
				GENERATE_INFOPLIST_FILE = YES;
				INFOPLIST_FILE = SteamList/Info.plist;
				INFOPLIST_KEY_UIApplicationSupportsIndirectInputEvents = YES;
				INFOPLIST_KEY_UILaunchStoryboardName = LaunchScreen;
				INFOPLIST_KEY_UISupportedInterfaceOrientations_iPad = "UIInterfaceOrientationPortrait UIInterfaceOrientationPortraitUpsideDown UIInterfaceOrientationLandscapeLeft UIInterfaceOrientationLandscapeRight";
				INFOPLIST_KEY_UISupportedInterfaceOrientations_iPhone = "UIInterfaceOrientationPortrait UIInterfaceOrientationLandscapeLeft UIInterfaceOrientationLandscapeRight";
				LD_RUNPATH_SEARCH_PATHS = (
					"$(inherited)",
					"@executable_path/Frameworks",
				);
				MARKETING_VERSION = 1.0;
				PRODUCT_BUNDLE_IDENTIFIER = adambokun.SteamList;
				PRODUCT_NAME = "$(TARGET_NAME)";
				SWIFT_EMIT_LOC_STRINGS = YES;
				SWIFT_VERSION = 5.0;
				TARGETED_DEVICE_FAMILY = "1,2";
			};
			name = Debug;
		};
		450C8BF52742539D00549239 /* Release */ = {
			isa = XCBuildConfiguration;
			buildSettings = {
				ASSETCATALOG_COMPILER_APPICON_NAME = AppIcon;
				ASSETCATALOG_COMPILER_GLOBAL_ACCENT_COLOR_NAME = AccentColor;
				CODE_SIGN_STYLE = Automatic;
				CURRENT_PROJECT_VERSION = 1;
				DEVELOPMENT_TEAM = JKPC7V57YU;
				GENERATE_INFOPLIST_FILE = YES;
				INFOPLIST_FILE = SteamList/Info.plist;
				INFOPLIST_KEY_UIApplicationSupportsIndirectInputEvents = YES;
				INFOPLIST_KEY_UILaunchStoryboardName = LaunchScreen;
				INFOPLIST_KEY_UISupportedInterfaceOrientations_iPad = "UIInterfaceOrientationPortrait UIInterfaceOrientationPortraitUpsideDown UIInterfaceOrientationLandscapeLeft UIInterfaceOrientationLandscapeRight";
				INFOPLIST_KEY_UISupportedInterfaceOrientations_iPhone = "UIInterfaceOrientationPortrait UIInterfaceOrientationLandscapeLeft UIInterfaceOrientationLandscapeRight";
				LD_RUNPATH_SEARCH_PATHS = (
					"$(inherited)",
					"@executable_path/Frameworks",
				);
				MARKETING_VERSION = 1.0;
				PRODUCT_BUNDLE_IDENTIFIER = adambokun.SteamList;
				PRODUCT_NAME = "$(TARGET_NAME)";
				SWIFT_EMIT_LOC_STRINGS = YES;
				SWIFT_VERSION = 5.0;
				TARGETED_DEVICE_FAMILY = "1,2";
			};
			name = Release;
		};
		450C8BF72742539D00549239 /* Debug */ = {
			isa = XCBuildConfiguration;
			buildSettings = {
				ALWAYS_EMBED_SWIFT_STANDARD_LIBRARIES = YES;
				BUNDLE_LOADER = "$(TEST_HOST)";
				CODE_SIGN_STYLE = Automatic;
				CURRENT_PROJECT_VERSION = 1;
				DEVELOPMENT_TEAM = JKPC7V57YU;
				GENERATE_INFOPLIST_FILE = YES;
				IPHONEOS_DEPLOYMENT_TARGET = 15.0;
				LD_RUNPATH_SEARCH_PATHS = (
					"$(inherited)",
					"@executable_path/Frameworks",
					"@loader_path/Frameworks",
				);
				MARKETING_VERSION = 1.0;
				PRODUCT_BUNDLE_IDENTIFIER = adambokun.SteamListTests;
				PRODUCT_NAME = "$(TARGET_NAME)";
				SWIFT_EMIT_LOC_STRINGS = NO;
				SWIFT_VERSION = 5.0;
				TARGETED_DEVICE_FAMILY = "1,2";
				TEST_HOST = "$(BUILT_PRODUCTS_DIR)/SteamList.app/SteamList";
			};
			name = Debug;
		};
		450C8BF82742539D00549239 /* Release */ = {
			isa = XCBuildConfiguration;
			buildSettings = {
				ALWAYS_EMBED_SWIFT_STANDARD_LIBRARIES = YES;
				BUNDLE_LOADER = "$(TEST_HOST)";
				CODE_SIGN_STYLE = Automatic;
				CURRENT_PROJECT_VERSION = 1;
				DEVELOPMENT_TEAM = JKPC7V57YU;
				GENERATE_INFOPLIST_FILE = YES;
				IPHONEOS_DEPLOYMENT_TARGET = 15.0;
				LD_RUNPATH_SEARCH_PATHS = (
					"$(inherited)",
					"@executable_path/Frameworks",
					"@loader_path/Frameworks",
				);
				MARKETING_VERSION = 1.0;
				PRODUCT_BUNDLE_IDENTIFIER = adambokun.SteamListTests;
				PRODUCT_NAME = "$(TARGET_NAME)";
				SWIFT_EMIT_LOC_STRINGS = NO;
				SWIFT_VERSION = 5.0;
				TARGETED_DEVICE_FAMILY = "1,2";
				TEST_HOST = "$(BUILT_PRODUCTS_DIR)/SteamList.app/SteamList";
			};
			name = Release;
		};
		450C8BFA2742539D00549239 /* Debug */ = {
			isa = XCBuildConfiguration;
			buildSettings = {
				ALWAYS_EMBED_SWIFT_STANDARD_LIBRARIES = YES;
				CODE_SIGN_STYLE = Automatic;
				CURRENT_PROJECT_VERSION = 1;
				DEVELOPMENT_TEAM = JKPC7V57YU;
				GENERATE_INFOPLIST_FILE = YES;
				LD_RUNPATH_SEARCH_PATHS = (
					"$(inherited)",
					"@executable_path/Frameworks",
					"@loader_path/Frameworks",
				);
				MARKETING_VERSION = 1.0;
				PRODUCT_BUNDLE_IDENTIFIER = adambokun.SteamListUITests;
				PRODUCT_NAME = "$(TARGET_NAME)";
				SWIFT_EMIT_LOC_STRINGS = NO;
				SWIFT_VERSION = 5.0;
				TARGETED_DEVICE_FAMILY = "1,2";
				TEST_TARGET_NAME = SteamList;
			};
			name = Debug;
		};
		450C8BFB2742539D00549239 /* Release */ = {
			isa = XCBuildConfiguration;
			buildSettings = {
				ALWAYS_EMBED_SWIFT_STANDARD_LIBRARIES = YES;
				CODE_SIGN_STYLE = Automatic;
				CURRENT_PROJECT_VERSION = 1;
				DEVELOPMENT_TEAM = JKPC7V57YU;
				GENERATE_INFOPLIST_FILE = YES;
				LD_RUNPATH_SEARCH_PATHS = (
					"$(inherited)",
					"@executable_path/Frameworks",
					"@loader_path/Frameworks",
				);
				MARKETING_VERSION = 1.0;
				PRODUCT_BUNDLE_IDENTIFIER = adambokun.SteamListUITests;
				PRODUCT_NAME = "$(TARGET_NAME)";
				SWIFT_EMIT_LOC_STRINGS = NO;
				SWIFT_VERSION = 5.0;
				TARGETED_DEVICE_FAMILY = "1,2";
				TEST_TARGET_NAME = SteamList;
			};
			name = Release;
		};
/* End XCBuildConfiguration section */

/* Begin XCConfigurationList section */
		450C8BC12742539C00549239 /* Build configuration list for PBXProject "SteamList" */ = {
			isa = XCConfigurationList;
			buildConfigurations = (
				450C8BF12742539D00549239 /* Debug */,
				450C8BF22742539D00549239 /* Release */,
			);
			defaultConfigurationIsVisible = 0;
			defaultConfigurationName = Release;
		};
		450C8BF32742539D00549239 /* Build configuration list for PBXNativeTarget "SteamList" */ = {
			isa = XCConfigurationList;
			buildConfigurations = (
				450C8BF42742539D00549239 /* Debug */,
				450C8BF52742539D00549239 /* Release */,
			);
			defaultConfigurationIsVisible = 0;
			defaultConfigurationName = Release;
		};
		450C8BF62742539D00549239 /* Build configuration list for PBXNativeTarget "SteamListTests" */ = {
			isa = XCConfigurationList;
			buildConfigurations = (
				450C8BF72742539D00549239 /* Debug */,
				450C8BF82742539D00549239 /* Release */,
			);
			defaultConfigurationIsVisible = 0;
			defaultConfigurationName = Release;
		};
		450C8BF92742539D00549239 /* Build configuration list for PBXNativeTarget "SteamListUITests" */ = {
			isa = XCConfigurationList;
			buildConfigurations = (
				450C8BFA2742539D00549239 /* Debug */,
				450C8BFB2742539D00549239 /* Release */,
			);
			defaultConfigurationIsVisible = 0;
			defaultConfigurationName = Release;
		};
/* End XCConfigurationList section */

/* Begin XCRemoteSwiftPackageReference section */
		45D9489D274E9AD6002724A9 /* XCRemoteSwiftPackageReference "SnapKit" */ = {
			isa = XCRemoteSwiftPackageReference;
			repositoryURL = "git@github.com:SnapKit/SnapKit.git";
			requirement = {
				kind = upToNextMajorVersion;
				minimumVersion = 5.0.0;
			};
		};
/* End XCRemoteSwiftPackageReference section */

/* Begin XCSwiftPackageProductDependency section */
		45D9489E274E9AD6002724A9 /* SnapKit */ = {
			isa = XCSwiftPackageProductDependency;
			package = 45D9489D274E9AD6002724A9 /* XCRemoteSwiftPackageReference "SnapKit" */;
			productName = SnapKit;
		};
/* End XCSwiftPackageProductDependency section */

/* Begin XCVersionGroup section */
		450C8BD22742539C00549239 /* SteamList.xcdatamodeld */ = {
			isa = XCVersionGroup;
			children = (
				450C8BD32742539C00549239 /* SteamList.xcdatamodel */,
			);
			currentVersion = 450C8BD32742539C00549239 /* SteamList.xcdatamodel */;
			path = SteamList.xcdatamodeld;
			sourceTree = "<group>";
			versionGroupType = wrapper.xcdatamodel;
		};
		45B7689C275615FC0001C34A /* GameListDB.xcdatamodeld */ = {
			isa = XCVersionGroup;
			children = (
				45B7689D275615FC0001C34A /* GameListDB.xcdatamodel */,
			);
			currentVersion = 45B7689D275615FC0001C34A /* GameListDB.xcdatamodel */;
			path = GameListDB.xcdatamodeld;
			sourceTree = "<group>";
			versionGroupType = wrapper.xcdatamodel;
		};
/* End XCVersionGroup section */
	};
	rootObject = 450C8BBE2742539C00549239 /* Project object */;
}
