// !$*UTF8*$!
{
	archiveVersion = 1;
	classes = {
	};
	objectVersion = 55;
	objects = {

/* Begin PBXBuildFile section */
		450C8BCA2742539C00549239 /* AppDelegate.swift in Sources */ = {isa = PBXBuildFile; fileRef = 450C8BC92742539C00549239 /* AppDelegate.swift */; };
		450C8BCC2742539C00549239 /* SceneDelegate.swift in Sources */ = {isa = PBXBuildFile; fileRef = 450C8BCB2742539C00549239 /* SceneDelegate.swift */; };
		450C8BCE2742539C00549239 /* ViewController.swift in Sources */ = {isa = PBXBuildFile; fileRef = 450C8BCD2742539C00549239 /* ViewController.swift */; };
		450C8BD42742539C00549239 /* SteamList.xcdatamodeld in Sources */ = {isa = PBXBuildFile; fileRef = 450C8BD22742539C00549239 /* SteamList.xcdatamodeld */; };
		450C8BD62742539D00549239 /* Assets.xcassets in Resources */ = {isa = PBXBuildFile; fileRef = 450C8BD52742539D00549239 /* Assets.xcassets */; };
		450C8BD92742539D00549239 /* LaunchScreen.storyboard in Resources */ = {isa = PBXBuildFile; fileRef = 450C8BD72742539D00549239 /* LaunchScreen.storyboard */; };
		450C8BE42742539D00549239 /* SteamListTests.swift in Sources */ = {isa = PBXBuildFile; fileRef = 450C8BE32742539D00549239 /* SteamListTests.swift */; };
		450C8BEE2742539D00549239 /* SteamListUITests.swift in Sources */ = {isa = PBXBuildFile; fileRef = 450C8BED2742539D00549239 /* SteamListUITests.swift */; };
		450C8BF02742539D00549239 /* SteamListUITestsLaunchTests.swift in Sources */ = {isa = PBXBuildFile; fileRef = 450C8BEF2742539D00549239 /* SteamListUITestsLaunchTests.swift */; };
		4552D52B2746775000B16B0D /* NetworkManager.swift in Sources */ = {isa = PBXBuildFile; fileRef = 4552D52A2746775000B16B0D /* NetworkManager.swift */; };
		4552D52D2746787100B16B0D /* GamesManager.swift in Sources */ = {isa = PBXBuildFile; fileRef = 4552D52C2746787100B16B0D /* GamesManager.swift */; };
		4552D52F2746788400B16B0D /* GamesManagerProtocol.swift in Sources */ = {isa = PBXBuildFile; fileRef = 4552D52E2746788400B16B0D /* GamesManagerProtocol.swift */; };
		456A8ED62745009900875379 /* DetailGameViewController.swift in Sources */ = {isa = PBXBuildFile; fileRef = 456A8ED52745009900875379 /* DetailGameViewController.swift */; };
		456A8ED8274500D300875379 /* FavoritesViewController.swift in Sources */ = {isa = PBXBuildFile; fileRef = 456A8ED7274500D300875379 /* FavoritesViewController.swift */; };
		456A8EDA274500E100875379 /* NewsViewController.swift in Sources */ = {isa = PBXBuildFile; fileRef = 456A8ED9274500E100875379 /* NewsViewController.swift */; };
		456A8EDC274500F700875379 /* DetailNewsViewController.swift in Sources */ = {isa = PBXBuildFile; fileRef = 456A8EDB274500F700875379 /* DetailNewsViewController.swift */; };
		456A8EE027451D6200875379 /* GameViewController.swift in Sources */ = {isa = PBXBuildFile; fileRef = 456A8EDF27451D6200875379 /* GameViewController.swift */; };
		456A8EE22745427800875379 /* CustomCell.swift in Sources */ = {isa = PBXBuildFile; fileRef = 456A8EE12745427800875379 /* CustomCell.swift */; };
		45766A742744FB6500F59FDA /* Games.swift in Sources */ = {isa = PBXBuildFile; fileRef = 45766A732744FB6500F59FDA /* Games.swift */; };
		45F73A7C274BBC7D0026932F /* SteamEndPoints.swift in Sources */ = {isa = PBXBuildFile; fileRef = 45F73A7B274BBC7D0026932F /* SteamEndPoints.swift */; };
/* End PBXBuildFile section */

/* Begin PBXContainerItemProxy section */
		450C8BE02742539D00549239 /* PBXContainerItemProxy */ = {
			isa = PBXContainerItemProxy;
			containerPortal = 450C8BBE2742539C00549239 /* Project object */;
			proxyType = 1;
			remoteGlobalIDString = 450C8BC52742539C00549239;
			remoteInfo = SteamList;
		};
		450C8BEA2742539D00549239 /* PBXContainerItemProxy */ = {
			isa = PBXContainerItemProxy;
			containerPortal = 450C8BBE2742539C00549239 /* Project object */;
			proxyType = 1;
			remoteGlobalIDString = 450C8BC52742539C00549239;
			remoteInfo = SteamList;
		};
/* End PBXContainerItemProxy section */

/* Begin PBXFileReference section */
		450C8BC62742539C00549239 /* SteamList.app */ = {isa = PBXFileReference; explicitFileType = wrapper.application; includeInIndex = 0; path = SteamList.app; sourceTree = BUILT_PRODUCTS_DIR; };
		450C8BC92742539C00549239 /* AppDelegate.swift */ = {isa = PBXFileReference; lastKnownFileType = sourcecode.swift; path = AppDelegate.swift; sourceTree = "<group>"; };
		450C8BCB2742539C00549239 /* SceneDelegate.swift */ = {isa = PBXFileReference; lastKnownFileType = sourcecode.swift; path = SceneDelegate.swift; sourceTree = "<group>"; };
		450C8BCD2742539C00549239 /* ViewController.swift */ = {isa = PBXFileReference; lastKnownFileType = sourcecode.swift; path = ViewController.swift; sourceTree = "<group>"; };
		450C8BD32742539C00549239 /* SteamList.xcdatamodel */ = {isa = PBXFileReference; lastKnownFileType = wrapper.xcdatamodel; path = SteamList.xcdatamodel; sourceTree = "<group>"; };
		450C8BD52742539D00549239 /* Assets.xcassets */ = {isa = PBXFileReference; lastKnownFileType = folder.assetcatalog; path = Assets.xcassets; sourceTree = "<group>"; };
		450C8BD82742539D00549239 /* Base */ = {isa = PBXFileReference; lastKnownFileType = file.storyboard; name = Base; path = Base.lproj/LaunchScreen.storyboard; sourceTree = "<group>"; };
		450C8BDA2742539D00549239 /* Info.plist */ = {isa = PBXFileReference; lastKnownFileType = text.plist.xml; path = Info.plist; sourceTree = "<group>"; };
		450C8BDF2742539D00549239 /* SteamListTests.xctest */ = {isa = PBXFileReference; explicitFileType = wrapper.cfbundle; includeInIndex = 0; path = SteamListTests.xctest; sourceTree = BUILT_PRODUCTS_DIR; };
		450C8BE32742539D00549239 /* SteamListTests.swift */ = {isa = PBXFileReference; lastKnownFileType = sourcecode.swift; path = SteamListTests.swift; sourceTree = "<group>"; };
		450C8BE92742539D00549239 /* SteamListUITests.xctest */ = {isa = PBXFileReference; explicitFileType = wrapper.cfbundle; includeInIndex = 0; path = SteamListUITests.xctest; sourceTree = BUILT_PRODUCTS_DIR; };
		450C8BED2742539D00549239 /* SteamListUITests.swift */ = {isa = PBXFileReference; lastKnownFileType = sourcecode.swift; path = SteamListUITests.swift; sourceTree = "<group>"; };
		450C8BEF2742539D00549239 /* SteamListUITestsLaunchTests.swift */ = {isa = PBXFileReference; lastKnownFileType = sourcecode.swift; path = SteamListUITestsLaunchTests.swift; sourceTree = "<group>"; };
		4552D52A2746775000B16B0D /* NetworkManager.swift */ = {isa = PBXFileReference; lastKnownFileType = sourcecode.swift; path = NetworkManager.swift; sourceTree = "<group>"; };
		4552D52C2746787100B16B0D /* GamesManager.swift */ = {isa = PBXFileReference; lastKnownFileType = sourcecode.swift; path = GamesManager.swift; sourceTree = "<group>"; };
		4552D52E2746788400B16B0D /* GamesManagerProtocol.swift */ = {isa = PBXFileReference; lastKnownFileType = sourcecode.swift; path = GamesManagerProtocol.swift; sourceTree = "<group>"; };
		456A8ED52745009900875379 /* DetailGameViewController.swift */ = {isa = PBXFileReference; lastKnownFileType = sourcecode.swift; path = DetailGameViewController.swift; sourceTree = "<group>"; };
		456A8ED7274500D300875379 /* FavoritesViewController.swift */ = {isa = PBXFileReference; lastKnownFileType = sourcecode.swift; path = FavoritesViewController.swift; sourceTree = "<group>"; };
		456A8ED9274500E100875379 /* NewsViewController.swift */ = {isa = PBXFileReference; lastKnownFileType = sourcecode.swift; path = NewsViewController.swift; sourceTree = "<group>"; };
		456A8EDB274500F700875379 /* DetailNewsViewController.swift */ = {isa = PBXFileReference; lastKnownFileType = sourcecode.swift; path = DetailNewsViewController.swift; sourceTree = "<group>"; };
		456A8EDF27451D6200875379 /* GameViewController.swift */ = {isa = PBXFileReference; lastKnownFileType = sourcecode.swift; path = GameViewController.swift; sourceTree = "<group>"; };
		456A8EE12745427800875379 /* CustomCell.swift */ = {isa = PBXFileReference; lastKnownFileType = sourcecode.swift; path = CustomCell.swift; sourceTree = "<group>"; };
		45766A732744FB6500F59FDA /* Games.swift */ = {isa = PBXFileReference; lastKnownFileType = sourcecode.swift; path = Games.swift; sourceTree = "<group>"; };
		45F73A7B274BBC7D0026932F /* SteamEndPoints.swift */ = {isa = PBXFileReference; lastKnownFileType = sourcecode.swift; path = SteamEndPoints.swift; sourceTree = "<group>"; };
/* End PBXFileReference section */

/* Begin PBXFrameworksBuildPhase section */
		450C8BC32742539C00549239 /* Frameworks */ = {
			isa = PBXFrameworksBuildPhase;
			buildActionMask = 2147483647;
			files = (
			);
			runOnlyForDeploymentPostprocessing = 0;
		};
		450C8BDC2742539D00549239 /* Frameworks */ = {
			isa = PBXFrameworksBuildPhase;
			buildActionMask = 2147483647;
			files = (
			);
			runOnlyForDeploymentPostprocessing = 0;
		};
		450C8BE62742539D00549239 /* Frameworks */ = {
			isa = PBXFrameworksBuildPhase;
			buildActionMask = 2147483647;
			files = (
			);
			runOnlyForDeploymentPostprocessing = 0;
		};
/* End PBXFrameworksBuildPhase section */

/* Begin PBXGroup section */
		450C8BBD2742539C00549239 = {
			isa = PBXGroup;
			children = (
				450C8BC82742539C00549239 /* SteamList */,
				450C8BE22742539D00549239 /* SteamListTests */,
				450C8BEC2742539D00549239 /* SteamListUITests */,
				450C8BC72742539C00549239 /* Products */,
			);
			sourceTree = "<group>";
		};
		450C8BC72742539C00549239 /* Products */ = {
			isa = PBXGroup;
			children = (
				450C8BC62742539C00549239 /* SteamList.app */,
				450C8BDF2742539D00549239 /* SteamListTests.xctest */,
				450C8BE92742539D00549239 /* SteamListUITests.xctest */,
			);
			name = Products;
			sourceTree = "<group>";
		};
		450C8BC82742539C00549239 /* SteamList */ = {
			isa = PBXGroup;
			children = (
				4552D5292746772F00B16B0D /* Network Service */,
				45766A722744FADF00F59FDA /* Resources */,
				45766A712744FAC100F59FDA /* Controller */,
				45766A702744FABB00F59FDA /* View */,
				45766A6F2744FAAE00F59FDA /* Model */,
				450C8BD72742539D00549239 /* LaunchScreen.storyboard */,
				450C8BDA2742539D00549239 /* Info.plist */,
				450C8BD22742539C00549239 /* SteamList.xcdatamodeld */,
			);
			path = SteamList;
			sourceTree = "<group>";
		};
		450C8BE22742539D00549239 /* SteamListTests */ = {
			isa = PBXGroup;
			children = (
				450C8BE32742539D00549239 /* SteamListTests.swift */,
			);
			path = SteamListTests;
			sourceTree = "<group>";
		};
		450C8BEC2742539D00549239 /* SteamListUITests */ = {
			isa = PBXGroup;
			children = (
				450C8BED2742539D00549239 /* SteamListUITests.swift */,
				450C8BEF2742539D00549239 /* SteamListUITestsLaunchTests.swift */,
			);
			path = SteamListUITests;
			sourceTree = "<group>";
		};
		4552D5292746772F00B16B0D /* Network Service */ = {
			isa = PBXGroup;
			children = (
				4552D52A2746775000B16B0D /* NetworkManager.swift */,
				45F73A7B274BBC7D0026932F /* SteamEndPoints.swift */,
			);
			path = "Network Service";
			sourceTree = "<group>";
		};
		45766A6F2744FAAE00F59FDA /* Model */ = {
			isa = PBXGroup;
			children = (
				45766A732744FB6500F59FDA /* Games.swift */,
				4552D52C2746787100B16B0D /* GamesManager.swift */,
				4552D52E2746788400B16B0D /* GamesManagerProtocol.swift */,
			);
			path = Model;
			sourceTree = "<group>";
		};
		45766A702744FABB00F59FDA /* View */ = {
			isa = PBXGroup;
			children = (
				450C8BD52742539D00549239 /* Assets.xcassets */,
				456A8EE12745427800875379 /* CustomCell.swift */,
			);
			path = View;
			sourceTree = "<group>";
		};
		45766A712744FAC100F59FDA /* Controller */ = {
			isa = PBXGroup;
			children = (
				450C8BCD2742539C00549239 /* ViewController.swift */,
				456A8ED52745009900875379 /* DetailGameViewController.swift */,
				456A8ED7274500D300875379 /* FavoritesViewController.swift */,
				456A8ED9274500E100875379 /* NewsViewController.swift */,
				456A8EDB274500F700875379 /* DetailNewsViewController.swift */,
				456A8EDF27451D6200875379 /* GameViewController.swift */,
			);
			path = Controller;
			sourceTree = "<group>";
		};
		45766A722744FADF00F59FDA /* Resources */ = {
			isa = PBXGroup;
			children = (
				450C8BC92742539C00549239 /* AppDelegate.swift */,
				450C8BCB2742539C00549239 /* SceneDelegate.swift */,
			);
			path = Resources;
			sourceTree = "<group>";
		};
/* End PBXGroup section */

/* Begin PBXNativeTarget section */
		450C8BC52742539C00549239 /* SteamList */ = {
			isa = PBXNativeTarget;
			buildConfigurationList = 450C8BF32742539D00549239 /* Build configuration list for PBXNativeTarget "SteamList" */;
			buildPhases = (
				450C8BC22742539C00549239 /* Sources */,
				450C8BC32742539C00549239 /* Frameworks */,
				450C8BC42742539C00549239 /* Resources */,
				458E9DBE274CDBC00092C451 /* ShellScript */,
			);
			buildRules = (
			);
			dependencies = (
			);
			name = SteamList;
			productName = SteamList;
			productReference = 450C8BC62742539C00549239 /* SteamList.app */;
			productType = "com.apple.product-type.application";
		};
		450C8BDE2742539D00549239 /* SteamListTests */ = {
			isa = PBXNativeTarget;
			buildConfigurationList = 450C8BF62742539D00549239 /* Build configuration list for PBXNativeTarget "SteamListTests" */;
			buildPhases = (
				450C8BDB2742539D00549239 /* Sources */,
				450C8BDC2742539D00549239 /* Frameworks */,
				450C8BDD2742539D00549239 /* Resources */,
			);
			buildRules = (
			);
			dependencies = (
				450C8BE12742539D00549239 /* PBXTargetDependency */,
			);
			name = SteamListTests;
			productName = SteamListTests;
			productReference = 450C8BDF2742539D00549239 /* SteamListTests.xctest */;
			productType = "com.apple.product-type.bundle.unit-test";
		};
		450C8BE82742539D00549239 /* SteamListUITests */ = {
			isa = PBXNativeTarget;
			buildConfigurationList = 450C8BF92742539D00549239 /* Build configuration list for PBXNativeTarget "SteamListUITests" */;
			buildPhases = (
				450C8BE52742539D00549239 /* Sources */,
				450C8BE62742539D00549239 /* Frameworks */,
				450C8BE72742539D00549239 /* Resources */,
			);
			buildRules = (
			);
			dependencies = (
				450C8BEB2742539D00549239 /* PBXTargetDependency */,
			);
			name = SteamListUITests;
			productName = SteamListUITests;
			productReference = 450C8BE92742539D00549239 /* SteamListUITests.xctest */;
			productType = "com.apple.product-type.bundle.ui-testing";
		};
/* End PBXNativeTarget section */

/* Begin PBXProject section */
		450C8BBE2742539C00549239 /* Project object */ = {
			isa = PBXProject;
			attributes = {
				BuildIndependentTargetsInParallel = 1;
				LastSwiftUpdateCheck = 1310;
				LastUpgradeCheck = 1310;
				TargetAttributes = {
					450C8BC52742539C00549239 = {
						CreatedOnToolsVersion = 13.1;
					};
					450C8BDE2742539D00549239 = {
						CreatedOnToolsVersion = 13.1;
						TestTargetID = 450C8BC52742539C00549239;
					};
					450C8BE82742539D00549239 = {
						CreatedOnToolsVersion = 13.1;
						TestTargetID = 450C8BC52742539C00549239;
					};
				};
			};
			buildConfigurationList = 450C8BC12742539C00549239 /* Build configuration list for PBXProject "SteamList" */;
			compatibilityVersion = "Xcode 13.0";
			developmentRegion = en;
			hasScannedForEncodings = 0;
			knownRegions = (
				en,
				Base,
			);
			mainGroup = 450C8BBD2742539C00549239;
			productRefGroup = 450C8BC72742539C00549239 /* Products */;
			projectDirPath = "";
			projectRoot = "";
			targets = (
				450C8BC52742539C00549239 /* SteamList */,
				450C8BDE2742539D00549239 /* SteamListTests */,
				450C8BE82742539D00549239 /* SteamListUITests */,
			);
		};
/* End PBXProject section */

/* Begin PBXResourcesBuildPhase section */
		450C8BC42742539C00549239 /* Resources */ = {
			isa = PBXResourcesBuildPhase;
			buildActionMask = 2147483647;
			files = (
				450C8BD92742539D00549239 /* LaunchScreen.storyboard in Resources */,
				450C8BD62742539D00549239 /* Assets.xcassets in Resources */,
			);
			runOnlyForDeploymentPostprocessing = 0;
		};
		450C8BDD2742539D00549239 /* Resources */ = {
			isa = PBXResourcesBuildPhase;
			buildActionMask = 2147483647;
			files = (
			);
			runOnlyForDeploymentPostprocessing = 0;
		};
		450C8BE72742539D00549239 /* Resources */ = {
			isa = PBXResourcesBuildPhase;
			buildActionMask = 2147483647;
			files = (
			);
			runOnlyForDeploymentPostprocessing = 0;
		};
/* End PBXResourcesBuildPhase section */

/* Begin PBXShellScriptBuildPhase section */
		458E9DBE274CDBC00092C451 /* ShellScript */ = {
			isa = PBXShellScriptBuildPhase;
			buildActionMask = 2147483647;
			files = (
			);
			inputFileListPaths = (
			);
			inputPaths = (
			);
			outputFileListPaths = (
			);
			outputPaths = (
			);
			runOnlyForDeploymentPostprocessing = 0;
			shellPath = /bin/sh;
			shellScript = "if which swiftlint >/dev/null; then\n  swiftlint\nelse\n  echo \"error: SwiftLint does not exist, download it from https://github.com/realm/SwiftLint\"\n  exit 1\nfi\n";
		};
/* End PBXShellScriptBuildPhase section */

/* Begin PBXSourcesBuildPhase section */
		450C8BC22742539C00549239 /* Sources */ = {
			isa = PBXSourcesBuildPhase;
			buildActionMask = 2147483647;
			files = (
				456A8EE027451D6200875379 /* GameViewController.swift in Sources */,
				4552D52D2746787100B16B0D /* GamesManager.swift in Sources */,
				450C8BD42742539C00549239 /* SteamList.xcdatamodeld in Sources */,
				4552D52F2746788400B16B0D /* GamesManagerProtocol.swift in Sources */,
				456A8EE22745427800875379 /* CustomCell.swift in Sources */,
				456A8EDC274500F700875379 /* DetailNewsViewController.swift in Sources */,
				450C8BCE2742539C00549239 /* ViewController.swift in Sources */,
				4552D52B2746775000B16B0D /* NetworkManager.swift in Sources */,
				456A8ED8274500D300875379 /* FavoritesViewController.swift in Sources */,
				450C8BCA2742539C00549239 /* AppDelegate.swift in Sources */,
				45F73A7C274BBC7D0026932F /* SteamEndPoints.swift in Sources */,
				456A8ED62745009900875379 /* DetailGameViewController.swift in Sources */,
				45766A742744FB6500F59FDA /* Games.swift in Sources */,
				450C8BCC2742539C00549239 /* SceneDelegate.swift in Sources */,
				456A8EDA274500E100875379 /* NewsViewController.swift in Sources */,
			);
			runOnlyForDeploymentPostprocessing = 0;
		};
		450C8BDB2742539D00549239 /* Sources */ = {
			isa = PBXSourcesBuildPhase;
			buildActionMask = 2147483647;
			files = (
				450C8BE42742539D00549239 /* SteamListTests.swift in Sources */,
			);
			runOnlyForDeploymentPostprocessing = 0;
		};
		450C8BE52742539D00549239 /* Sources */ = {
			isa = PBXSourcesBuildPhase;
			buildActionMask = 2147483647;
			files = (
				450C8BEE2742539D00549239 /* SteamListUITests.swift in Sources */,
				450C8BF02742539D00549239 /* SteamListUITestsLaunchTests.swift in Sources */,
			);
			runOnlyForDeploymentPostprocessing = 0;
		};
/* End PBXSourcesBuildPhase section */

/* Begin PBXTargetDependency section */
		450C8BE12742539D00549239 /* PBXTargetDependency */ = {
			isa = PBXTargetDependency;
			target = 450C8BC52742539C00549239 /* SteamList */;
			targetProxy = 450C8BE02742539D00549239 /* PBXContainerItemProxy */;
		};
		450C8BEB2742539D00549239 /* PBXTargetDependency */ = {
			isa = PBXTargetDependency;
			target = 450C8BC52742539C00549239 /* SteamList */;
			targetProxy = 450C8BEA2742539D00549239 /* PBXContainerItemProxy */;
		};
/* End PBXTargetDependency section */

/* Begin PBXVariantGroup section */
		450C8BD72742539D00549239 /* LaunchScreen.storyboard */ = {
			isa = PBXVariantGroup;
			children = (
				450C8BD82742539D00549239 /* Base */,
			);
			name = LaunchScreen.storyboard;
			sourceTree = "<group>";
		};
/* End PBXVariantGroup section */

/* Begin XCBuildConfiguration section */
		450C8BF12742539D00549239 /* Debug */ = {
			isa = XCBuildConfiguration;
			buildSettings = {
				ALWAYS_SEARCH_USER_PATHS = NO;
				CLANG_ANALYZER_NONNULL = YES;
				CLANG_ANALYZER_NUMBER_OBJECT_CONVERSION = YES_AGGRESSIVE;
				CLANG_CXX_LANGUAGE_STANDARD = "gnu++17";
				CLANG_CXX_LIBRARY = "libc++";
				CLANG_ENABLE_MODULES = YES;
				CLANG_ENABLE_OBJC_ARC = YES;
				CLANG_ENABLE_OBJC_WEAK = YES;
				CLANG_WARN_BLOCK_CAPTURE_AUTORELEASING = YES;
				CLANG_WARN_BOOL_CONVERSION = YES;
				CLANG_WARN_COMMA = YES;
				CLANG_WARN_CONSTANT_CONVERSION = YES;
				CLANG_WARN_DEPRECATED_OBJC_IMPLEMENTATIONS = YES;
				CLANG_WARN_DIRECT_OBJC_ISA_USAGE = YES_ERROR;
				CLANG_WARN_DOCUMENTATION_COMMENTS = YES;
				CLANG_WARN_EMPTY_BODY = YES;
				CLANG_WARN_ENUM_CONVERSION = YES;
				CLANG_WARN_INFINITE_RECURSION = YES;
				CLANG_WARN_INT_CONVERSION = YES;
				CLANG_WARN_NON_LITERAL_NULL_CONVERSION = YES;
				CLANG_WARN_OBJC_IMPLICIT_RETAIN_SELF = YES;
				CLANG_WARN_OBJC_LITERAL_CONVERSION = YES;
				CLANG_WARN_OBJC_ROOT_CLASS = YES_ERROR;
				CLANG_WARN_QUOTED_INCLUDE_IN_FRAMEWORK_HEADER = YES;
				CLANG_WARN_RANGE_LOOP_ANALYSIS = YES;
				CLANG_WARN_STRICT_PROTOTYPES = YES;
				CLANG_WARN_SUSPICIOUS_MOVE = YES;
				CLANG_WARN_UNGUARDED_AVAILABILITY = YES_AGGRESSIVE;
				CLANG_WARN_UNREACHABLE_CODE = YES;
				CLANG_WARN__DUPLICATE_METHOD_MATCH = YES;
				COPY_PHASE_STRIP = NO;
				DEBUG_INFORMATION_FORMAT = dwarf;
				ENABLE_STRICT_OBJC_MSGSEND = YES;
				ENABLE_TESTABILITY = YES;
				GCC_C_LANGUAGE_STANDARD = gnu11;
				GCC_DYNAMIC_NO_PIC = NO;
				GCC_NO_COMMON_BLOCKS = YES;
				GCC_OPTIMIZATION_LEVEL = 0;
				GCC_PREPROCESSOR_DEFINITIONS = (
					"DEBUG=1",
					"$(inherited)",
				);
				GCC_WARN_64_TO_32_BIT_CONVERSION = YES;
				GCC_WARN_ABOUT_RETURN_TYPE = YES_ERROR;
				GCC_WARN_UNDECLARED_SELECTOR = YES;
				GCC_WARN_UNINITIALIZED_AUTOS = YES_AGGRESSIVE;
				GCC_WARN_UNUSED_FUNCTION = YES;
				GCC_WARN_UNUSED_VARIABLE = YES;
				IPHONEOS_DEPLOYMENT_TARGET = 15.0;
				MTL_ENABLE_DEBUG_INFO = INCLUDE_SOURCE;
				MTL_FAST_MATH = YES;
				ONLY_ACTIVE_ARCH = YES;
				SDKROOT = iphoneos;
				SWIFT_ACTIVE_COMPILATION_CONDITIONS = DEBUG;
				SWIFT_OPTIMIZATION_LEVEL = "-Onone";
			};
			name = Debug;
		};
		450C8BF22742539D00549239 /* Release */ = {
			isa = XCBuildConfiguration;
			buildSettings = {
				ALWAYS_SEARCH_USER_PATHS = NO;
				CLANG_ANALYZER_NONNULL = YES;
				CLANG_ANALYZER_NUMBER_OBJECT_CONVERSION = YES_AGGRESSIVE;
				CLANG_CXX_LANGUAGE_STANDARD = "gnu++17";
				CLANG_CXX_LIBRARY = "libc++";
				CLANG_ENABLE_MODULES = YES;
				CLANG_ENABLE_OBJC_ARC = YES;
				CLANG_ENABLE_OBJC_WEAK = YES;
				CLANG_WARN_BLOCK_CAPTURE_AUTORELEASING = YES;
				CLANG_WARN_BOOL_CONVERSION = YES;
				CLANG_WARN_COMMA = YES;
				CLANG_WARN_CONSTANT_CONVERSION = YES;
				CLANG_WARN_DEPRECATED_OBJC_IMPLEMENTATIONS = YES;
				CLANG_WARN_DIRECT_OBJC_ISA_USAGE = YES_ERROR;
				CLANG_WARN_DOCUMENTATION_COMMENTS = YES;
				CLANG_WARN_EMPTY_BODY = YES;
				CLANG_WARN_ENUM_CONVERSION = YES;
				CLANG_WARN_INFINITE_RECURSION = YES;
				CLANG_WARN_INT_CONVERSION = YES;
				CLANG_WARN_NON_LITERAL_NULL_CONVERSION = YES;
				CLANG_WARN_OBJC_IMPLICIT_RETAIN_SELF = YES;
				CLANG_WARN_OBJC_LITERAL_CONVERSION = YES;
				CLANG_WARN_OBJC_ROOT_CLASS = YES_ERROR;
				CLANG_WARN_QUOTED_INCLUDE_IN_FRAMEWORK_HEADER = YES;
				CLANG_WARN_RANGE_LOOP_ANALYSIS = YES;
				CLANG_WARN_STRICT_PROTOTYPES = YES;
				CLANG_WARN_SUSPICIOUS_MOVE = YES;
				CLANG_WARN_UNGUARDED_AVAILABILITY = YES_AGGRESSIVE;
				CLANG_WARN_UNREACHABLE_CODE = YES;
				CLANG_WARN__DUPLICATE_METHOD_MATCH = YES;
				COPY_PHASE_STRIP = NO;
				DEBUG_INFORMATION_FORMAT = "dwarf-with-dsym";
				ENABLE_NS_ASSERTIONS = NO;
				ENABLE_STRICT_OBJC_MSGSEND = YES;
				GCC_C_LANGUAGE_STANDARD = gnu11;
				GCC_NO_COMMON_BLOCKS = YES;
				GCC_WARN_64_TO_32_BIT_CONVERSION = YES;
				GCC_WARN_ABOUT_RETURN_TYPE = YES_ERROR;
				GCC_WARN_UNDECLARED_SELECTOR = YES;
				GCC_WARN_UNINITIALIZED_AUTOS = YES_AGGRESSIVE;
				GCC_WARN_UNUSED_FUNCTION = YES;
				GCC_WARN_UNUSED_VARIABLE = YES;
				IPHONEOS_DEPLOYMENT_TARGET = 15.0;
				MTL_ENABLE_DEBUG_INFO = NO;
				MTL_FAST_MATH = YES;
				SDKROOT = iphoneos;
				SWIFT_COMPILATION_MODE = wholemodule;
				SWIFT_OPTIMIZATION_LEVEL = "-O";
				VALIDATE_PRODUCT = YES;
			};
			name = Release;
		};
		450C8BF42742539D00549239 /* Debug */ = {
			isa = XCBuildConfiguration;
			buildSettings = {
				ASSETCATALOG_COMPILER_APPICON_NAME = AppIcon;
				ASSETCATALOG_COMPILER_GLOBAL_ACCENT_COLOR_NAME = AccentColor;
				CODE_SIGN_STYLE = Automatic;
				CURRENT_PROJECT_VERSION = 1;
				DEVELOPMENT_TEAM = JKPC7V57YU;
				GENERATE_INFOPLIST_FILE = YES;
				INFOPLIST_FILE = SteamList/Info.plist;
				INFOPLIST_KEY_UIApplicationSupportsIndirectInputEvents = YES;
				INFOPLIST_KEY_UILaunchStoryboardName = LaunchScreen;
				INFOPLIST_KEY_UISupportedInterfaceOrientations_iPad = "UIInterfaceOrientationPortrait UIInterfaceOrientationPortraitUpsideDown UIInterfaceOrientationLandscapeLeft UIInterfaceOrientationLandscapeRight";
				INFOPLIST_KEY_UISupportedInterfaceOrientations_iPhone = "UIInterfaceOrientationPortrait UIInterfaceOrientationLandscapeLeft UIInterfaceOrientationLandscapeRight";
				LD_RUNPATH_SEARCH_PATHS = (
					"$(inherited)",
					"@executable_path/Frameworks",
				);
				MARKETING_VERSION = 1.0;
				PRODUCT_BUNDLE_IDENTIFIER = adambokun.SteamList;
				PRODUCT_NAME = "$(TARGET_NAME)";
				SWIFT_EMIT_LOC_STRINGS = YES;
				SWIFT_VERSION = 5.0;
				TARGETED_DEVICE_FAMILY = "1,2";
			};
			name = Debug;
		};
		450C8BF52742539D00549239 /* Release */ = {
			isa = XCBuildConfiguration;
			buildSettings = {
				ASSETCATALOG_COMPILER_APPICON_NAME = AppIcon;
				ASSETCATALOG_COMPILER_GLOBAL_ACCENT_COLOR_NAME = AccentColor;
				CODE_SIGN_STYLE = Automatic;
				CURRENT_PROJECT_VERSION = 1;
				DEVELOPMENT_TEAM = JKPC7V57YU;
				GENERATE_INFOPLIST_FILE = YES;
				INFOPLIST_FILE = SteamList/Info.plist;
				INFOPLIST_KEY_UIApplicationSupportsIndirectInputEvents = YES;
				INFOPLIST_KEY_UILaunchStoryboardName = LaunchScreen;
				INFOPLIST_KEY_UISupportedInterfaceOrientations_iPad = "UIInterfaceOrientationPortrait UIInterfaceOrientationPortraitUpsideDown UIInterfaceOrientationLandscapeLeft UIInterfaceOrientationLandscapeRight";
				INFOPLIST_KEY_UISupportedInterfaceOrientations_iPhone = "UIInterfaceOrientationPortrait UIInterfaceOrientationLandscapeLeft UIInterfaceOrientationLandscapeRight";
				LD_RUNPATH_SEARCH_PATHS = (
					"$(inherited)",
					"@executable_path/Frameworks",
				);
				MARKETING_VERSION = 1.0;
				PRODUCT_BUNDLE_IDENTIFIER = adambokun.SteamList;
				PRODUCT_NAME = "$(TARGET_NAME)";
				SWIFT_EMIT_LOC_STRINGS = YES;
				SWIFT_VERSION = 5.0;
				TARGETED_DEVICE_FAMILY = "1,2";
			};
			name = Release;
		};
		450C8BF72742539D00549239 /* Debug */ = {
			isa = XCBuildConfiguration;
			buildSettings = {
				ALWAYS_EMBED_SWIFT_STANDARD_LIBRARIES = YES;
				BUNDLE_LOADER = "$(TEST_HOST)";
				CODE_SIGN_STYLE = Automatic;
				CURRENT_PROJECT_VERSION = 1;
				DEVELOPMENT_TEAM = JKPC7V57YU;
				GENERATE_INFOPLIST_FILE = YES;
				IPHONEOS_DEPLOYMENT_TARGET = 15.0;
				LD_RUNPATH_SEARCH_PATHS = (
					"$(inherited)",
					"@executable_path/Frameworks",
					"@loader_path/Frameworks",
				);
				MARKETING_VERSION = 1.0;
				PRODUCT_BUNDLE_IDENTIFIER = adambokun.SteamListTests;
				PRODUCT_NAME = "$(TARGET_NAME)";
				SWIFT_EMIT_LOC_STRINGS = NO;
				SWIFT_VERSION = 5.0;
				TARGETED_DEVICE_FAMILY = "1,2";
				TEST_HOST = "$(BUILT_PRODUCTS_DIR)/SteamList.app/SteamList";
			};
			name = Debug;
		};
		450C8BF82742539D00549239 /* Release */ = {
			isa = XCBuildConfiguration;
			buildSettings = {
				ALWAYS_EMBED_SWIFT_STANDARD_LIBRARIES = YES;
				BUNDLE_LOADER = "$(TEST_HOST)";
				CODE_SIGN_STYLE = Automatic;
				CURRENT_PROJECT_VERSION = 1;
				DEVELOPMENT_TEAM = JKPC7V57YU;
				GENERATE_INFOPLIST_FILE = YES;
				IPHONEOS_DEPLOYMENT_TARGET = 15.0;
				LD_RUNPATH_SEARCH_PATHS = (
					"$(inherited)",
					"@executable_path/Frameworks",
					"@loader_path/Frameworks",
				);
				MARKETING_VERSION = 1.0;
				PRODUCT_BUNDLE_IDENTIFIER = adambokun.SteamListTests;
				PRODUCT_NAME = "$(TARGET_NAME)";
				SWIFT_EMIT_LOC_STRINGS = NO;
				SWIFT_VERSION = 5.0;
				TARGETED_DEVICE_FAMILY = "1,2";
				TEST_HOST = "$(BUILT_PRODUCTS_DIR)/SteamList.app/SteamList";
			};
			name = Release;
		};
		450C8BFA2742539D00549239 /* Debug */ = {
			isa = XCBuildConfiguration;
			buildSettings = {
				ALWAYS_EMBED_SWIFT_STANDARD_LIBRARIES = YES;
				CODE_SIGN_STYLE = Automatic;
				CURRENT_PROJECT_VERSION = 1;
				DEVELOPMENT_TEAM = JKPC7V57YU;
				GENERATE_INFOPLIST_FILE = YES;
				LD_RUNPATH_SEARCH_PATHS = (
					"$(inherited)",
					"@executable_path/Frameworks",
					"@loader_path/Frameworks",
				);
				MARKETING_VERSION = 1.0;
				PRODUCT_BUNDLE_IDENTIFIER = adambokun.SteamListUITests;
				PRODUCT_NAME = "$(TARGET_NAME)";
				SWIFT_EMIT_LOC_STRINGS = NO;
				SWIFT_VERSION = 5.0;
				TARGETED_DEVICE_FAMILY = "1,2";
				TEST_TARGET_NAME = SteamList;
			};
			name = Debug;
		};
		450C8BFB2742539D00549239 /* Release */ = {
			isa = XCBuildConfiguration;
			buildSettings = {
				ALWAYS_EMBED_SWIFT_STANDARD_LIBRARIES = YES;
				CODE_SIGN_STYLE = Automatic;
				CURRENT_PROJECT_VERSION = 1;
				DEVELOPMENT_TEAM = JKPC7V57YU;
				GENERATE_INFOPLIST_FILE = YES;
				LD_RUNPATH_SEARCH_PATHS = (
					"$(inherited)",
					"@executable_path/Frameworks",
					"@loader_path/Frameworks",
				);
				MARKETING_VERSION = 1.0;
				PRODUCT_BUNDLE_IDENTIFIER = adambokun.SteamListUITests;
				PRODUCT_NAME = "$(TARGET_NAME)";
				SWIFT_EMIT_LOC_STRINGS = NO;
				SWIFT_VERSION = 5.0;
				TARGETED_DEVICE_FAMILY = "1,2";
				TEST_TARGET_NAME = SteamList;
			};
			name = Release;
		};
/* End XCBuildConfiguration section */

/* Begin XCConfigurationList section */
		450C8BC12742539C00549239 /* Build configuration list for PBXProject "SteamList" */ = {
			isa = XCConfigurationList;
			buildConfigurations = (
				450C8BF12742539D00549239 /* Debug */,
				450C8BF22742539D00549239 /* Release */,
			);
			defaultConfigurationIsVisible = 0;
			defaultConfigurationName = Release;
		};
		450C8BF32742539D00549239 /* Build configuration list for PBXNativeTarget "SteamList" */ = {
			isa = XCConfigurationList;
			buildConfigurations = (
				450C8BF42742539D00549239 /* Debug */,
				450C8BF52742539D00549239 /* Release */,
			);
			defaultConfigurationIsVisible = 0;
			defaultConfigurationName = Release;
		};
		450C8BF62742539D00549239 /* Build configuration list for PBXNativeTarget "SteamListTests" */ = {
			isa = XCConfigurationList;
			buildConfigurations = (
				450C8BF72742539D00549239 /* Debug */,
				450C8BF82742539D00549239 /* Release */,
			);
			defaultConfigurationIsVisible = 0;
			defaultConfigurationName = Release;
		};
		450C8BF92742539D00549239 /* Build configuration list for PBXNativeTarget "SteamListUITests" */ = {
			isa = XCConfigurationList;
			buildConfigurations = (
				450C8BFA2742539D00549239 /* Debug */,
				450C8BFB2742539D00549239 /* Release */,
			);
			defaultConfigurationIsVisible = 0;
			defaultConfigurationName = Release;
		};
/* End XCConfigurationList section */

/* Begin XCVersionGroup section */
		450C8BD22742539C00549239 /* SteamList.xcdatamodeld */ = {
			isa = XCVersionGroup;
			children = (
				450C8BD32742539C00549239 /* SteamList.xcdatamodel */,
			);
			currentVersion = 450C8BD32742539C00549239 /* SteamList.xcdatamodel */;
			path = SteamList.xcdatamodeld;
			sourceTree = "<group>";
			versionGroupType = wrapper.xcdatamodel;
		};
/* End XCVersionGroup section */
	};
	rootObject = 450C8BBE2742539C00549239 /* Project object */;
}
